
Microsoft Visual Studio Solution File, Format Version 12.00
# Visual Studio Version 16
VisualStudioVersion = 16.0.31220.234
MinimumVisualStudioVersion = 10.0.40219.1
Project("{9A19103F-16F7-4668-BE54-9A1E7A4F7556}") = "GmodNET.Serilog.Sink", "GmodNET.Serilog.Sink.csproj", "{73D4C82C-FA38-4249-8D5D-57C3A496DEF9}"
EndProject
Global
	GlobalSection(SolutionConfigurationPlatforms) = preSolution
		Debug|Any CPU = Debug|Any CPU
		Release|Any CPU = Release|Any CPU
	EndGlobalSection
	GlobalSection(ProjectConfigurationPlatforms) = postSolution
		{73D4C82C-FA38-4249-8D5D-57C3A496DEF9}.Debug|Any CPU.ActiveCfg = Debug|Any CPU
		{73D4C82C-FA38-4249-8D5D-57C3A496DEF9}.Debug|Any CPU.Build.0 = Debug|Any CPU
		{73D4C82C-FA38-4249-8D5D-57C3A496DEF9}.Release|Any CPU.ActiveCfg = Release|Any CPU
		{73D4C82C-FA38-4249-8D5D-57C3A496DEF9}.Release|Any CPU.Build.0 = Release|Any CPU
	EndGlobalSection
	GlobalSection(SolutionProperties) = preSolution
		HideSolutionNode = FALSE
	EndGlobalSection
	GlobalSection(ExtensibilityGlobals) = postSolution
		SolutionGuid = {0ED6998C-FEDB-46C2-AFCC-15F26B90D952}
	EndGlobalSection
EndGlobal
